
Microsoft Visual Studio Solution File, Format Version 12.00
# Visual Studio Version 18
VisualStudioVersion = 18.5.11709.299 stable
MinimumVisualStudioVersion = 10.0.40219.1
Project("{FAE04EC0-301F-11D3-BF4B-00C04F79EFBC}") = "S3.Gateway", "S3.Gateway.csproj", "{DE167377-A56E-D90E-FE8E-E3CAD43E8FE0}"
EndProject
Global
	GlobalSection(SolutionConfigurationPlatforms) = preSolution
		Debug|Any CPU = Debug|Any CPU
		Release|Any CPU = Release|Any CPU
	EndGlobalSection
	GlobalSection(ProjectConfigurationPlatforms) = postSolution
		{DE167377-A56E-D90E-FE8E-E3CAD43E8FE0}.Debug|Any CPU.ActiveCfg = Debug|Any CPU
		{DE167377-A56E-D90E-FE8E-E3CAD43E8FE0}.Debug|Any CPU.Build.0 = Debug|Any CPU
		{DE167377-A56E-D90E-FE8E-E3CAD43E8FE0}.Release|Any CPU.ActiveCfg = Release|Any CPU
		{DE167377-A56E-D90E-FE8E-E3CAD43E8FE0}.Release|Any CPU.Build.0 = Release|Any CPU
	EndGlobalSection
	GlobalSection(SolutionProperties) = preSolution
		HideSolutionNode = FALSE
	EndGlobalSection
	GlobalSection(ExtensibilityGlobals) = postSolution
		SolutionGuid = {1925F185-B024-4F3E-A364-886F12B969C7}
	EndGlobalSection
EndGlobal
